// !$*UTF8*$!
{
	archiveVersion = 1;
	classes = {
	};
	objectVersion = 50;
	objects = {

/* Begin PBXBuildFile section */
		C32E7247226F296000374BA4 /* AppDelegate.swift in Sources */ = {isa = PBXBuildFile; fileRef = C32E7246226F296000374BA4 /* AppDelegate.swift */; };
		C32E7249226F296000374BA4 /* ViewController.swift in Sources */ = {isa = PBXBuildFile; fileRef = C32E7248226F296000374BA4 /* ViewController.swift */; };
		C32E724C226F296000374BA4 /* Main.storyboard in Resources */ = {isa = PBXBuildFile; fileRef = C32E724A226F296000374BA4 /* Main.storyboard */; };
		C32E724E226F296C00374BA4 /* Assets.xcassets in Resources */ = {isa = PBXBuildFile; fileRef = C32E724D226F296C00374BA4 /* Assets.xcassets */; };
		C32E7251226F296C00374BA4 /* LaunchScreen.storyboard in Resources */ = {isa = PBXBuildFile; fileRef = C32E724F226F296C00374BA4 /* LaunchScreen.storyboard */; };
		C32E725C226F296D00374BA4 /* CalculatorTests.swift in Sources */ = {isa = PBXBuildFile; fileRef = C32E725B226F296D00374BA4 /* CalculatorTests.swift */; };
		C32E7267226F296D00374BA4 /* CalculatorUITests.swift in Sources */ = {isa = PBXBuildFile; fileRef = C32E7266226F296D00374BA4 /* CalculatorUITests.swift */; };
		C32E727B226FF51600374BA4 /* calculator.html in Resources */ = {isa = PBXBuildFile; fileRef = C32E727A226FF51600374BA4 /* calculator.html */; };
/* End PBXBuildFile section */

/* Begin PBXContainerItemProxy section */
		C32E7258226F296D00374BA4 /* PBXContainerItemProxy */ = {
			isa = PBXContainerItemProxy;
			containerPortal = C32E723B226F295F00374BA4 /* Project object */;
			proxyType = 1;
			remoteGlobalIDString = C32E7242226F296000374BA4;
			remoteInfo = Calculator;
		};
		C32E7263226F296D00374BA4 /* PBXContainerItemProxy */ = {
			isa = PBXContainerItemProxy;
			containerPortal = C32E723B226F295F00374BA4 /* Project object */;
			proxyType = 1;
			remoteGlobalIDString = C32E7242226F296000374BA4;
			remoteInfo = Calculator;
		};
/* End PBXContainerItemProxy section */

/* Begin PBXFileReference section */
		C32E7243226F296000374BA4 /* Calculator.app */ = {isa = PBXFileReference; explicitFileType = wrapper.application; includeInIndex = 0; path = Calculator.app; sourceTree = BUILT_PRODUCTS_DIR; };
		C32E7246226F296000374BA4 /* AppDelegate.swift */ = {isa = PBXFileReference; lastKnownFileType = sourcecode.swift; path = AppDelegate.swift; sourceTree = "<group>"; };
		C32E7248226F296000374BA4 /* ViewController.swift */ = {isa = PBXFileReference; lastKnownFileType = sourcecode.swift; path = ViewController.swift; sourceTree = "<group>"; };
		C32E724B226F296000374BA4 /* Base */ = {isa = PBXFileReference; lastKnownFileType = file.storyboard; name = Base; path = Base.lproj/Main.storyboard; sourceTree = "<group>"; };
		C32E724D226F296C00374BA4 /* Assets.xcassets */ = {isa = PBXFileReference; lastKnownFileType = folder.assetcatalog; path = Assets.xcassets; sourceTree = "<group>"; };
		C32E7250226F296C00374BA4 /* Base */ = {isa = PBXFileReference; lastKnownFileType = file.storyboard; name = Base; path = Base.lproj/LaunchScreen.storyboard; sourceTree = "<group>"; };
		C32E7252226F296C00374BA4 /* Info.plist */ = {isa = PBXFileReference; lastKnownFileType = text.plist.xml; path = Info.plist; sourceTree = "<group>"; };
		C32E7257226F296D00374BA4 /* CalculatorTests.xctest */ = {isa = PBXFileReference; explicitFileType = wrapper.cfbundle; includeInIndex = 0; path = CalculatorTests.xctest; sourceTree = BUILT_PRODUCTS_DIR; };
		C32E725B226F296D00374BA4 /* CalculatorTests.swift */ = {isa = PBXFileReference; lastKnownFileType = sourcecode.swift; path = CalculatorTests.swift; sourceTree = "<group>"; };
		C32E725D226F296D00374BA4 /* Info.plist */ = {isa = PBXFileReference; lastKnownFileType = text.plist.xml; path = Info.plist; sourceTree = "<group>"; };
		C32E7262226F296D00374BA4 /* CalculatorUITests.xctest */ = {isa = PBXFileReference; explicitFileType = wrapper.cfbundle; includeInIndex = 0; path = CalculatorUITests.xctest; sourceTree = BUILT_PRODUCTS_DIR; };
		C32E7266226F296D00374BA4 /* CalculatorUITests.swift */ = {isa = PBXFileReference; lastKnownFileType = sourcecode.swift; path = CalculatorUITests.swift; sourceTree = "<group>"; };
		C32E7268226F296D00374BA4 /* Info.plist */ = {isa = PBXFileReference; lastKnownFileType = text.plist.xml; path = Info.plist; sourceTree = "<group>"; };
		C32E727A226FF51600374BA4 /* calculator.html */ = {isa = PBXFileReference; fileEncoding = 4; lastKnownFileType = text.html; name = calculator.html; path = ../../calculator.html; sourceTree = "<group>"; };
/* End PBXFileReference section */

/* Begin PBXFrameworksBuildPhase section */
		C32E7240226F296000374BA4 /* Frameworks */ = {
			isa = PBXFrameworksBuildPhase;
			buildActionMask = 2147483647;
			files = (
			);
			runOnlyForDeploymentPostprocessing = 0;
		};
		C32E7254226F296D00374BA4 /* Frameworks */ = {
			isa = PBXFrameworksBuildPhase;
			buildActionMask = 2147483647;
			files = (
			);
			runOnlyForDeploymentPostprocessing = 0;
		};
		C32E725F226F296D00374BA4 /* Frameworks */ = {
			isa = PBXFrameworksBuildPhase;
			buildActionMask = 2147483647;
			files = (
			);
			runOnlyForDeploymentPostprocessing = 0;
		};
/* End PBXFrameworksBuildPhase section */

/* Begin PBXGroup section */
		C32E723A226F295F00374BA4 = {
			isa = PBXGroup;
			children = (
				C32E7245226F296000374BA4 /* Calculator */,
				C32E725A226F296D00374BA4 /* CalculatorTests */,
				C32E7265226F296D00374BA4 /* CalculatorUITests */,
				C32E7244226F296000374BA4 /* Products */,
			);
			sourceTree = "<group>";
		};
		C32E7244226F296000374BA4 /* Products */ = {
			isa = PBXGroup;
			children = (
				C32E7243226F296000374BA4 /* Calculator.app */,
				C32E7257226F296D00374BA4 /* CalculatorTests.xctest */,
				C32E7262226F296D00374BA4 /* CalculatorUITests.xctest */,
			);
			name = Products;
			sourceTree = "<group>";
		};
		C32E7245226F296000374BA4 /* Calculator */ = {
			isa = PBXGroup;
			children = (
				C32E727A226FF51600374BA4 /* calculator.html */,
				C32E7246226F296000374BA4 /* AppDelegate.swift */,
				C32E7248226F296000374BA4 /* ViewController.swift */,
				C32E724A226F296000374BA4 /* Main.storyboard */,
				C32E724D226F296C00374BA4 /* Assets.xcassets */,
				C32E724F226F296C00374BA4 /* LaunchScreen.storyboard */,
				C32E7252226F296C00374BA4 /* Info.plist */,
			);
			path = Calculator;
			sourceTree = "<group>";
		};
		C32E725A226F296D00374BA4 /* CalculatorTests */ = {
			isa = PBXGroup;
			children = (
				C32E725B226F296D00374BA4 /* CalculatorTests.swift */,
				C32E725D226F296D00374BA4 /* Info.plist */,
			);
			path = CalculatorTests;
			sourceTree = "<group>";
		};
		C32E7265226F296D00374BA4 /* CalculatorUITests */ = {
			isa = PBXGroup;
			children = (
				C32E7266226F296D00374BA4 /* CalculatorUITests.swift */,
				C32E7268226F296D00374BA4 /* Info.plist */,
			);
			path = CalculatorUITests;
			sourceTree = "<group>";
		};
/* End PBXGroup section */

/* Begin PBXNativeTarget section */
		C32E7242226F296000374BA4 /* Calculator */ = {
			isa = PBXNativeTarget;
			buildConfigurationList = C32E726B226F296D00374BA4 /* Build configuration list for PBXNativeTarget "Calculator" */;
			buildPhases = (
				C32E723F226F296000374BA4 /* Sources */,
				C32E7240226F296000374BA4 /* Frameworks */,
				C32E7241226F296000374BA4 /* Resources */,
			);
			buildRules = (
			);
			dependencies = (
			);
			name = Calculator;
			productName = Calculator;
			productReference = C32E7243226F296000374BA4 /* Calculator.app */;
			productType = "com.apple.product-type.application";
		};
		C32E7256226F296D00374BA4 /* CalculatorTests */ = {
			isa = PBXNativeTarget;
			buildConfigurationList = C32E726E226F296D00374BA4 /* Build configuration list for PBXNativeTarget "CalculatorTests" */;
			buildPhases = (
				C32E7253226F296D00374BA4 /* Sources */,
				C32E7254226F296D00374BA4 /* Frameworks */,
				C32E7255226F296D00374BA4 /* Resources */,
			);
			buildRules = (
			);
			dependencies = (
				C32E7259226F296D00374BA4 /* PBXTargetDependency */,
			);
			name = CalculatorTests;
			productName = CalculatorTests;
			productReference = C32E7257226F296D00374BA4 /* CalculatorTests.xctest */;
			productType = "com.apple.product-type.bundle.unit-test";
		};
		C32E7261226F296D00374BA4 /* CalculatorUITests */ = {
			isa = PBXNativeTarget;
			buildConfigurationList = C32E7271226F296D00374BA4 /* Build configuration list for PBXNativeTarget "CalculatorUITests" */;
			buildPhases = (
				C32E725E226F296D00374BA4 /* Sources */,
				C32E725F226F296D00374BA4 /* Frameworks */,
				C32E7260226F296D00374BA4 /* Resources */,
			);
			buildRules = (
			);
			dependencies = (
				C32E7264226F296D00374BA4 /* PBXTargetDependency */,
			);
			name = CalculatorUITests;
			productName = CalculatorUITests;
			productReference = C32E7262226F296D00374BA4 /* CalculatorUITests.xctest */;
			productType = "com.apple.product-type.bundle.ui-testing";
		};
/* End PBXNativeTarget section */

/* Begin PBXProject section */
		C32E723B226F295F00374BA4 /* Project object */ = {
			isa = PBXProject;
			attributes = {
				LastSwiftUpdateCheck = 1010;
				LastUpgradeCheck = 1010;
				ORGANIZATIONNAME = sj;
				TargetAttributes = {
					C32E7242226F296000374BA4 = {
						CreatedOnToolsVersion = 10.1;
					};
					C32E7256226F296D00374BA4 = {
						CreatedOnToolsVersion = 10.1;
						TestTargetID = C32E7242226F296000374BA4;
					};
					C32E7261226F296D00374BA4 = {
						CreatedOnToolsVersion = 10.1;
						TestTargetID = C32E7242226F296000374BA4;
					};
				};
			};
			buildConfigurationList = C32E723E226F295F00374BA4 /* Build configuration list for PBXProject "Calculator" */;
			compatibilityVersion = "Xcode 9.3";
			developmentRegion = en;
			hasScannedForEncodings = 0;
			knownRegions = (
				en,
				Base,
			);
			mainGroup = C32E723A226F295F00374BA4;
			productRefGroup = C32E7244226F296000374BA4 /* Products */;
			projectDirPath = "";
			projectRoot = "";
			targets = (
				C32E7242226F296000374BA4 /* Calculator */,
				C32E7256226F296D00374BA4 /* CalculatorTests */,
				C32E7261226F296D00374BA4 /* CalculatorUITests */,
			);
		};
/* End PBXProject section */

/* Begin PBXResourcesBuildPhase section */
		C32E7241226F296000374BA4 /* Resources */ = {
			isa = PBXResourcesBuildPhase;
			buildActionMask = 2147483647;
			files = (
				C32E727B226FF51600374BA4 /* calculator.html in Resources */,
				C32E7251226F296C00374BA4 /* LaunchScreen.storyboard in Resources */,
				C32E724E226F296C00374BA4 /* Assets.xcassets in Resources */,
				C32E724C226F296000374BA4 /* Main.storyboard in Resources */,
			);
			runOnlyForDeploymentPostprocessing = 0;
		};
		C32E7255226F296D00374BA4 /* Resources */ = {
			isa = PBXResourcesBuildPhase;
			buildActionMask = 2147483647;
			files = (
			);
			runOnlyForDeploymentPostprocessing = 0;
		};
		C32E7260226F296D00374BA4 /* Resources */ = {
			isa = PBXResourcesBuildPhase;
			buildActionMask = 2147483647;
			files = (
			);
			runOnlyForDeploymentPostprocessing = 0;
		};
/* End PBXResourcesBuildPhase section */

/* Begin PBXSourcesBuildPhase section */
		C32E723F226F296000374BA4 /* Sources */ = {
			isa = PBXSourcesBuildPhase;
			buildActionMask = 2147483647;
			files = (
				C32E7249226F296000374BA4 /* ViewController.swift in Sources */,
				C32E7247226F296000374BA4 /* AppDelegate.swift in Sources */,
			);
			runOnlyForDeploymentPostprocessing = 0;
		};
		C32E7253226F296D00374BA4 /* Sources */ = {
			isa = PBXSourcesBuildPhase;
			buildActionMask = 2147483647;
			files = (
				C32E725C226F296D00374BA4 /* CalculatorTests.swift in Sources */,
			);
			runOnlyForDeploymentPostprocessing = 0;
		};
		C32E725E226F296D00374BA4 /* Sources */ = {
			isa = PBXSourcesBuildPhase;
			buildActionMask = 2147483647;
			files = (
				C32E7267226F296D00374BA4 /* CalculatorUITests.swift in Sources */,
			);
			runOnlyForDeploymentPostprocessing = 0;
		};
/* End PBXSourcesBuildPhase section */

/* Begin PBXTargetDependency section */
		C32E7259226F296D00374BA4 /* PBXTargetDependency */ = {
			isa = PBXTargetDependency;
			target = C32E7242226F296000374BA4 /* Calculator */;
			targetProxy = C32E7258226F296D00374BA4 /* PBXContainerItemProxy */;
		};
		C32E7264226F296D00374BA4 /* PBXTargetDependency */ = {
			isa = PBXTargetDependency;
			target = C32E7242226F296000374BA4 /* Calculator */;
			targetProxy = C32E7263226F296D00374BA4 /* PBXContainerItemProxy */;
		};
/* End PBXTargetDependency section */

/* Begin PBXVariantGroup section */
		C32E724A226F296000374BA4 /* Main.storyboard */ = {
			isa = PBXVariantGroup;
			children = (
				C32E724B226F296000374BA4 /* Base */,
			);
			name = Main.storyboard;
			sourceTree = "<group>";
		};
		C32E724F226F296C00374BA4 /* LaunchScreen.storyboard */ = {
			isa = PBXVariantGroup;
			children = (
				C32E7250226F296C00374BA4 /* Base */,
			);
			name = LaunchScreen.storyboard;
			sourceTree = "<group>";
		};
/* End PBXVariantGroup section */

/* Begin XCBuildConfiguration section */
		C32E7269226F296D00374BA4 /* Debug */ = {
			isa = XCBuildConfiguration;
			buildSettings = {
				ALWAYS_SEARCH_USER_PATHS = NO;
				CLANG_ANALYZER_NONNULL = YES;
				CLANG_ANALYZER_NUMBER_OBJECT_CONVERSION = YES_AGGRESSIVE;
				CLANG_CXX_LANGUAGE_STANDARD = "gnu++14";
				CLANG_CXX_LIBRARY = "libc++";
				CLANG_ENABLE_MODULES = YES;
				CLANG_ENABLE_OBJC_ARC = YES;
				CLANG_ENABLE_OBJC_WEAK = YES;
				CLANG_WARN_BLOCK_CAPTURE_AUTORELEASING = YES;
				CLANG_WARN_BOOL_CONVERSION = YES;
				CLANG_WARN_COMMA = YES;
				CLANG_WARN_CONSTANT_CONVERSION = YES;
				CLANG_WARN_DEPRECATED_OBJC_IMPLEMENTATIONS = YES;
				CLANG_WARN_DIRECT_OBJC_ISA_USAGE = YES_ERROR;
				CLANG_WARN_DOCUMENTATION_COMMENTS = YES;
				CLANG_WARN_EMPTY_BODY = YES;
				CLANG_WARN_ENUM_CONVERSION = YES;
				CLANG_WARN_INFINITE_RECURSION = YES;
				CLANG_WARN_INT_CONVERSION = YES;
				CLANG_WARN_NON_LITERAL_NULL_CONVERSION = YES;
				CLANG_WARN_OBJC_IMPLICIT_RETAIN_SELF = YES;
				CLANG_WARN_OBJC_LITERAL_CONVERSION = YES;
				CLANG_WARN_OBJC_ROOT_CLASS = YES_ERROR;
				CLANG_WARN_RANGE_LOOP_ANALYSIS = YES;
				CLANG_WARN_STRICT_PROTOTYPES = YES;
				CLANG_WARN_SUSPICIOUS_MOVE = YES;
				CLANG_WARN_UNGUARDED_AVAILABILITY = YES_AGGRESSIVE;
				CLANG_WARN_UNREACHABLE_CODE = YES;
				CLANG_WARN__DUPLICATE_METHOD_MATCH = YES;
				CODE_SIGN_IDENTITY = "iPhone Developer";
				COPY_PHASE_STRIP = NO;
				DEBUG_INFORMATION_FORMAT = dwarf;
				ENABLE_STRICT_OBJC_MSGSEND = YES;
				ENABLE_TESTABILITY = YES;
				GCC_C_LANGUAGE_STANDARD = gnu11;
				GCC_DYNAMIC_NO_PIC = NO;
				GCC_NO_COMMON_BLOCKS = YES;
				GCC_OPTIMIZATION_LEVEL = 0;
				GCC_PREPROCESSOR_DEFINITIONS = (
					"DEBUG=1",
					"$(inherited)",
				);
				GCC_WARN_64_TO_32_BIT_CONVERSION = YES;
				GCC_WARN_ABOUT_RETURN_TYPE = YES_ERROR;
				GCC_WARN_UNDECLARED_SELECTOR = YES;
				GCC_WARN_UNINITIALIZED_AUTOS = YES_AGGRESSIVE;
				GCC_WARN_UNUSED_FUNCTION = YES;
				GCC_WARN_UNUSED_VARIABLE = YES;
				IPHONEOS_DEPLOYMENT_TARGET = 12.1;
				MTL_ENABLE_DEBUG_INFO = INCLUDE_SOURCE;
				MTL_FAST_MATH = YES;
				ONLY_ACTIVE_ARCH = YES;
				SDKROOT = iphoneos;
				SWIFT_ACTIVE_COMPILATION_CONDITIONS = DEBUG;
				SWIFT_OPTIMIZATION_LEVEL = "-Onone";
			};
			name = Debug;
		};
		C32E726A226F296D00374BA4 /* Release */ = {
			isa = XCBuildConfiguration;
			buildSettings = {
				ALWAYS_SEARCH_USER_PATHS = NO;
				CLANG_ANALYZER_NONNULL = YES;
				CLANG_ANALYZER_NUMBER_OBJECT_CONVERSION = YES_AGGRESSIVE;
				CLANG_CXX_LANGUAGE_STANDARD = "gnu++14";
				CLANG_CXX_LIBRARY = "libc++";
				CLANG_ENABLE_MODULES = YES;
				CLANG_ENABLE_OBJC_ARC = YES;
				CLANG_ENABLE_OBJC_WEAK = YES;
				CLANG_WARN_BLOCK_CAPTURE_AUTORELEASING = YES;
				CLANG_WARN_BOOL_CONVERSION = YES;
				CLANG_WARN_COMMA = YES;
				CLANG_WARN_CONSTANT_CONVERSION = YES;
				CLANG_WARN_DEPRECATED_OBJC_IMPLEMENTATIONS = YES;
				CLANG_WARN_DIRECT_OBJC_ISA_USAGE = YES_ERROR;
				CLANG_WARN_DOCUMENTATION_COMMENTS = YES;
				CLANG_WARN_EMPTY_BODY = YES;
				CLANG_WARN_ENUM_CONVERSION = YES;
				CLANG_WARN_INFINITE_RECURSION = YES;
				CLANG_WARN_INT_CONVERSION = YES;
				CLANG_WARN_NON_LITERAL_NULL_CONVERSION = YES;
				CLANG_WARN_OBJC_IMPLICIT_RETAIN_SELF = YES;
				CLANG_WARN_OBJC_LITERAL_CONVERSION = YES;
				CLANG_WARN_OBJC_ROOT_CLASS = YES_ERROR;
				CLANG_WARN_RANGE_LOOP_ANALYSIS = YES;
				CLANG_WARN_STRICT_PROTOTYPES = YES;
				CLANG_WARN_SUSPICIOUS_MOVE = YES;
				CLANG_WARN_UNGUARDED_AVAILABILITY = YES_AGGRESSIVE;
				CLANG_WARN_UNREACHABLE_CODE = YES;
				CLANG_WARN__DUPLICATE_METHOD_MATCH = YES;
				CODE_SIGN_IDENTITY = "iPhone Developer";
				COPY_PHASE_STRIP = NO;
				DEBUG_INFORMATION_FORMAT = "dwarf-with-dsym";
				ENABLE_NS_ASSERTIONS = NO;
				ENABLE_STRICT_OBJC_MSGSEND = YES;
				GCC_C_LANGUAGE_STANDARD = gnu11;
				GCC_NO_COMMON_BLOCKS = YES;
				GCC_WARN_64_TO_32_BIT_CONVERSION = YES;
				GCC_WARN_ABOUT_RETURN_TYPE = YES_ERROR;
				GCC_WARN_UNDECLARED_SELECTOR = YES;
				GCC_WARN_UNINITIALIZED_AUTOS = YES_AGGRESSIVE;
				GCC_WARN_UNUSED_FUNCTION = YES;
				GCC_WARN_UNUSED_VARIABLE = YES;
				IPHONEOS_DEPLOYMENT_TARGET = 12.1;
				MTL_ENABLE_DEBUG_INFO = NO;
				MTL_FAST_MATH = YES;
				SDKROOT = iphoneos;
				SWIFT_COMPILATION_MODE = wholemodule;
				SWIFT_OPTIMIZATION_LEVEL = "-O";
				VALIDATE_PRODUCT = YES;
			};
			name = Release;
		};
		C32E726C226F296D00374BA4 /* Debug */ = {
			isa = XCBuildConfiguration;
			buildSettings = {
				ASSETCATALOG_COMPILER_APPICON_NAME = AppIcon;
				CODE_SIGN_STYLE = Automatic;
				INFOPLIST_FILE = Calculator/Info.plist;
				LD_RUNPATH_SEARCH_PATHS = (
					"$(inherited)",
					"@executable_path/Frameworks",
				);
				PRODUCT_BUNDLE_IDENTIFIER = cn.itcast.Calculator;
				PRODUCT_NAME = "$(TARGET_NAME)";
				SWIFT_VERSION = 4.2;
				TARGETED_DEVICE_FAMILY = "1,2";
			};
			name = Debug;
		};
		C32E726D226F296D00374BA4 /* Release */ = {
			isa = XCBuildConfiguration;
			buildSettings = {
				ASSETCATALOG_COMPILER_APPICON_NAME = AppIcon;
				CODE_SIGN_STYLE = Automatic;
				INFOPLIST_FILE = Calculator/Info.plist;
				LD_RUNPATH_SEARCH_PATHS = (
					"$(inherited)",
					"@executable_path/Frameworks",
				);
				PRODUCT_BUNDLE_IDENTIFIER = cn.itcast.Calculator;
				PRODUCT_NAME = "$(TARGET_NAME)";
				SWIFT_VERSION = 4.2;
				TARGETED_DEVICE_FAMILY = "1,2";
			};
			name = Release;
		};
		C32E726F226F296D00374BA4 /* Debug */ = {
			isa = XCBuildConfiguration;
			buildSettings = {
				ALWAYS_EMBED_SWIFT_STANDARD_LIBRARIES = YES;
				BUNDLE_LOADER = "$(TEST_HOST)";
				CODE_SIGN_STYLE = Automatic;
				INFOPLIST_FILE = CalculatorTests/Info.plist;
				LD_RUNPATH_SEARCH_PATHS = (
					"$(inherited)",
					"@executable_path/Frameworks",
					"@loader_path/Frameworks",
				);
				PRODUCT_BUNDLE_IDENTIFIER = cn.itcast.CalculatorTests;
				PRODUCT_NAME = "$(TARGET_NAME)";
				SWIFT_VERSION = 4.2;
				TARGETED_DEVICE_FAMILY = "1,2";
				TEST_HOST = "$(BUILT_PRODUCTS_DIR)/Calculator.app/Calculator";
			};
			name = Debug;
		};
		C32E7270226F296D00374BA4 /* Release */ = {
			isa = XCBuildConfiguration;
			buildSettings = {
				ALWAYS_EMBED_SWIFT_STANDARD_LIBRARIES = YES;
				BUNDLE_LOADER = "$(TEST_HOST)";
				CODE_SIGN_STYLE = Automatic;
				INFOPLIST_FILE = CalculatorTests/Info.plist;
				LD_RUNPATH_SEARCH_PATHS = (
					"$(inherited)",
					"@executable_path/Frameworks",
					"@loader_path/Frameworks",
				);
				PRODUCT_BUNDLE_IDENTIFIER = cn.itcast.CalculatorTests;
				PRODUCT_NAME = "$(TARGET_NAME)";
				SWIFT_VERSION = 4.2;
				TARGETED_DEVICE_FAMILY = "1,2";
				TEST_HOST = "$(BUILT_PRODUCTS_DIR)/Calculator.app/Calculator";
			};
			name = Release;
		};
		C32E7272226F296D00374BA4 /* Debug */ = {
			isa = XCBuildConfiguration;
			buildSettings = {
				ALWAYS_EMBED_SWIFT_STANDARD_LIBRARIES = YES;
				CODE_SIGN_STYLE = Automatic;
				INFOPLIST_FILE = CalculatorUITests/Info.plist;
				LD_RUNPATH_SEARCH_PATHS = (
					"$(inherited)",
					"@executable_path/Frameworks",
					"@loader_path/Frameworks",
				);
				PRODUCT_BUNDLE_IDENTIFIER = cn.itcast.CalculatorUITests;
				PRODUCT_NAME = "$(TARGET_NAME)";
				SWIFT_VERSION = 4.2;
				TARGETED_DEVICE_FAMILY = "1,2";
				TEST_TARGET_NAME = Calculator;
			};
			name = Debug;
		};
		C32E7273226F296D00374BA4 /* Release */ = {
			isa = XCBuildConfiguration;
			buildSettings = {
				ALWAYS_EMBED_SWIFT_STANDARD_LIBRARIES = YES;
				CODE_SIGN_STYLE = Automatic;
				INFOPLIST_FILE = CalculatorUITests/Info.plist;
				LD_RUNPATH_SEARCH_PATHS = (
					"$(inherited)",
					"@executable_path/Frameworks",
					"@loader_path/Frameworks",
				);
				PRODUCT_BUNDLE_IDENTIFIER = cn.itcast.CalculatorUITests;
				PRODUCT_NAME = "$(TARGET_NAME)";
				SWIFT_VERSION = 4.2;
				TARGETED_DEVICE_FAMILY = "1,2";
				TEST_TARGET_NAME = Calculator;
			};
			name = Release;
		};
/* End XCBuildConfiguration section */

/* Begin XCConfigurationList section */
		C32E723E226F295F00374BA4 /* Build configuration list for PBXProject "Calculator" */ = {
			isa = XCConfigurationList;
			buildConfigurations = (
				C32E7269226F296D00374BA4 /* Debug */,
				C32E726A226F296D00374BA4 /* Release */,
			);
			defaultConfigurationIsVisible = 0;
			defaultConfigurationName = Release;
		};
		C32E726B226F296D00374BA4 /* Build configuration list for PBXNativeTarget "Calculator" */ = {
			isa = XCConfigurationList;
			buildConfigurations = (
				C32E726C226F296D00374BA4 /* Debug */,
				C32E726D226F296D00374BA4 /* Release */,
			);
			defaultConfigurationIsVisible = 0;
			defaultConfigurationName = Release;
		};
		C32E726E226F296D00374BA4 /* Build configuration list for PBXNativeTarget "CalculatorTests" */ = {
			isa = XCConfigurationList;
			buildConfigurations = (
				C32E726F226F296D00374BA4 /* Debug */,
				C32E7270226F296D00374BA4 /* Release */,
			);
			defaultConfigurationIsVisible = 0;
			defaultConfigurationName = Release;
		};
		C32E7271226F296D00374BA4 /* Build configuration list for PBXNativeTarget "CalculatorUITests" */ = {
			isa = XCConfigurationList;
			buildConfigurations = (
				C32E7272226F296D00374BA4 /* Debug */,
				C32E7273226F296D00374BA4 /* Release */,
			);
			defaultConfigurationIsVisible = 0;
			defaultConfigurationName = Release;
		};
/* End XCConfigurationList section */
	};
	rootObject = C32E723B226F295F00374BA4 /* Project object */;
}
